// !$*UTF8*$!
{
	archiveVersion = 1;
	classes = {
	};
	objectVersion = 46;
	objects = {

/* Begin PBXBuildFile section */
		2B06323A15FCD3A30012B73A /* FMCanvas.m in Sources */ = {isa = PBXBuildFile; fileRef = 2B06323915FCD3A30012B73A /* FMCanvas.m */; };
		2B06324215FFB4410012B73A /* UIGestureRecognizer+Fumi.m in Sources */ = {isa = PBXBuildFile; fileRef = 2B06324115FFB4410012B73A /* UIGestureRecognizer+Fumi.m */; };
		2B066F8915E9330500AF1122 /* EAGLView.m in Sources */ = {isa = PBXBuildFile; fileRef = 2B066F8815E9330500AF1122 /* EAGLView.m */; };
		2B066F9015E9370700AF1122 /* OpenGLES.framework in Frameworks */ = {isa = PBXBuildFile; fileRef = 2B066F8F15E9370700AF1122 /* OpenGLES.framework */; };
		2B066F9215E9371E00AF1122 /* QuartzCore.framework in Frameworks */ = {isa = PBXBuildFile; fileRef = 2B066F9115E9371E00AF1122 /* QuartzCore.framework */; };
		2B066FA215E9B2F700AF1122 /* UIView+Fumi.m in Sources */ = {isa = PBXBuildFile; fileRef = 2B066FA115E9B2F700AF1122 /* UIView+Fumi.m */; };
		2B066FCE15EA953300AF1122 /* FMCanvasView.m in Sources */ = {isa = PBXBuildFile; fileRef = 2B066FCD15EA953300AF1122 /* FMCanvasView.m */; };
		2B082CFB15C1094600A5ADA9 /* FMMainViewController.m in Sources */ = {isa = PBXBuildFile; fileRef = 2B082CFA15C1094600A5ADA9 /* FMMainViewController.m */; };
		2B082CFE15C10C4E00A5ADA9 /* UIColor+Fumi.m in Sources */ = {isa = PBXBuildFile; fileRef = 2B082CFD15C10C4E00A5ADA9 /* UIColor+Fumi.m */; };
		2B082D0E15C2593F00A5ADA9 /* FMGeometry.m in Sources */ = {isa = PBXBuildFile; fileRef = 2B082D0D15C2593F00A5ADA9 /* FMGeometry.m */; };
		2B08309B15C44F9A00A5ADA9 /* DDLog.m in Sources */ = {isa = PBXBuildFile; fileRef = 2B08309515C44D2C00A5ADA9 /* DDLog.m */; settings = {COMPILER_FLAGS = "-fobjc-arc"; }; };
		2B08309C15C44F9D00A5ADA9 /* DDASLLogger.m in Sources */ = {isa = PBXBuildFile; fileRef = 2B08309115C44D2C00A5ADA9 /* DDASLLogger.m */; settings = {COMPILER_FLAGS = "-fobjc-arc"; }; };
		2B08309D15C44FA000A5ADA9 /* DDFileLogger.m in Sources */ = {isa = PBXBuildFile; fileRef = 2B08309315C44D2C00A5ADA9 /* DDFileLogger.m */; settings = {COMPILER_FLAGS = "-fobjc-arc"; }; };
		2B08309E15C44FA400A5ADA9 /* DDTTYLogger.m in Sources */ = {isa = PBXBuildFile; fileRef = 2B08309715C44D2C00A5ADA9 /* DDTTYLogger.m */; settings = {COMPILER_FLAGS = "-fobjc-arc"; }; };
		2B1B7712160966BF002A3A50 /* FMSolver.c in Sources */ = {isa = PBXBuildFile; fileRef = 2B1B7711160966BF002A3A50 /* FMSolver.c */; };
		2B1B7741160E3796002A3A50 /* FMReplay.c in Sources */ = {isa = PBXBuildFile; fileRef = 2B1B7740160E3796002A3A50 /* FMReplay.c */; };
		2B37E76E15BFC25B00D21E55 /* UIKit.framework in Frameworks */ = {isa = PBXBuildFile; fileRef = 2B37E76D15BFC25B00D21E55 /* UIKit.framework */; };
		2B37E77015BFC25B00D21E55 /* Foundation.framework in Frameworks */ = {isa = PBXBuildFile; fileRef = 2B37E76F15BFC25B00D21E55 /* Foundation.framework */; };
		2B37E77215BFC25B00D21E55 /* CoreGraphics.framework in Frameworks */ = {isa = PBXBuildFile; fileRef = 2B37E77115BFC25B00D21E55 /* CoreGraphics.framework */; };
		2B37E77815BFC25B00D21E55 /* InfoPlist.strings in Resources */ = {isa = PBXBuildFile; fileRef = 2B37E77615BFC25B00D21E55 /* InfoPlist.strings */; };
		2B37E77A15BFC25C00D21E55 /* main.m in Sources */ = {isa = PBXBuildFile; fileRef = 2B37E77915BFC25C00D21E55 /* main.m */; };
		2B37E77E15BFC25C00D21E55 /* FMAppDelegate.m in Sources */ = {isa = PBXBuildFile; fileRef = 2B37E77D15BFC25C00D21E55 /* FMAppDelegate.m */; };
/* End PBXBuildFile section */

/* Begin PBXFileReference section */
		2B06323815FCD3A30012B73A /* FMCanvas.h */ = {isa = PBXFileReference; fileEncoding = 4; lastKnownFileType = sourcecode.c.h; path = FMCanvas.h; sourceTree = "<group>"; };
		2B06323915FCD3A30012B73A /* FMCanvas.m */ = {isa = PBXFileReference; fileEncoding = 4; lastKnownFileType = sourcecode.c.objc; path = FMCanvas.m; sourceTree = "<group>"; };
		2B06323B15FE218E0012B73A /* FMMacro.h */ = {isa = PBXFileReference; lastKnownFileType = sourcecode.c.h; path = FMMacro.h; sourceTree = "<group>"; };
		2B06324015FFB4410012B73A /* UIGestureRecognizer+Fumi.h */ = {isa = PBXFileReference; fileEncoding = 4; lastKnownFileType = sourcecode.c.h; path = "UIGestureRecognizer+Fumi.h"; sourceTree = "<group>"; };
		2B06324115FFB4410012B73A /* UIGestureRecognizer+Fumi.m */ = {isa = PBXFileReference; fileEncoding = 4; lastKnownFileType = sourcecode.c.objc; path = "UIGestureRecognizer+Fumi.m"; sourceTree = "<group>"; };
		2B066F8715E9330500AF1122 /* EAGLView.h */ = {isa = PBXFileReference; fileEncoding = 4; lastKnownFileType = sourcecode.c.h; path = EAGLView.h; sourceTree = "<group>"; };
		2B066F8815E9330500AF1122 /* EAGLView.m */ = {isa = PBXFileReference; fileEncoding = 4; lastKnownFileType = sourcecode.c.objc; path = EAGLView.m; sourceTree = "<group>"; };
		2B066F8F15E9370700AF1122 /* OpenGLES.framework */ = {isa = PBXFileReference; lastKnownFileType = wrapper.framework; name = OpenGLES.framework; path = System/Library/Frameworks/OpenGLES.framework; sourceTree = SDKROOT; };
		2B066F9115E9371E00AF1122 /* QuartzCore.framework */ = {isa = PBXFileReference; lastKnownFileType = wrapper.framework; name = QuartzCore.framework; path = System/Library/Frameworks/QuartzCore.framework; sourceTree = SDKROOT; };
		2B066FA015E9B2F700AF1122 /* UIView+Fumi.h */ = {isa = PBXFileReference; fileEncoding = 4; lastKnownFileType = sourcecode.c.h; path = "UIView+Fumi.h"; sourceTree = "<group>"; };
		2B066FA115E9B2F700AF1122 /* UIView+Fumi.m */ = {isa = PBXFileReference; fileEncoding = 4; lastKnownFileType = sourcecode.c.objc; path = "UIView+Fumi.m"; sourceTree = "<group>"; };
		2B066FCC15EA953300AF1122 /* FMCanvasView.h */ = {isa = PBXFileReference; fileEncoding = 4; lastKnownFileType = sourcecode.c.h; path = FMCanvasView.h; sourceTree = "<group>"; };
		2B066FCD15EA953300AF1122 /* FMCanvasView.m */ = {isa = PBXFileReference; fileEncoding = 4; lastKnownFileType = sourcecode.c.objc; path = FMCanvasView.m; sourceTree = "<group>"; };
		2B082CF915C1094600A5ADA9 /* FMMainViewController.h */ = {isa = PBXFileReference; fileEncoding = 4; lastKnownFileType = sourcecode.c.h; path = FMMainViewController.h; sourceTree = "<group>"; };
		2B082CFA15C1094600A5ADA9 /* FMMainViewController.m */ = {isa = PBXFileReference; fileEncoding = 4; lastKnownFileType = sourcecode.c.objc; path = FMMainViewController.m; sourceTree = "<group>"; };
		2B082CFC15C10C4E00A5ADA9 /* UIColor+Fumi.h */ = {isa = PBXFileReference; fileEncoding = 4; lastKnownFileType = sourcecode.c.h; path = "UIColor+Fumi.h"; sourceTree = "<group>"; };
		2B082CFD15C10C4E00A5ADA9 /* UIColor+Fumi.m */ = {isa = PBXFileReference; fileEncoding = 4; lastKnownFileType = sourcecode.c.objc; path = "UIColor+Fumi.m"; sourceTree = "<group>"; };
		2B082D0915C2540F00A5ADA9 /* FMSettings.h */ = {isa = PBXFileReference; fileEncoding = 4; lastKnownFileType = sourcecode.c.h; path = FMSettings.h; sourceTree = "<group>"; };
		2B082D0C15C2593F00A5ADA9 /* FMGeometry.h */ = {isa = PBXFileReference; fileEncoding = 4; lastKnownFileType = sourcecode.c.h; path = FMGeometry.h; sourceTree = "<group>"; };
		2B082D0D15C2593F00A5ADA9 /* FMGeometry.m */ = {isa = PBXFileReference; fileEncoding = 4; lastKnownFileType = sourcecode.c.objc; path = FMGeometry.m; sourceTree = "<group>"; };
		2B08309015C44D2C00A5ADA9 /* DDASLLogger.h */ = {isa = PBXFileReference; lastKnownFileType = sourcecode.c.h; path = DDASLLogger.h; sourceTree = "<group>"; };
		2B08309115C44D2C00A5ADA9 /* DDASLLogger.m */ = {isa = PBXFileReference; lastKnownFileType = sourcecode.c.objc; path = DDASLLogger.m; sourceTree = "<group>"; };
		2B08309215C44D2C00A5ADA9 /* DDFileLogger.h */ = {isa = PBXFileReference; lastKnownFileType = sourcecode.c.h; path = DDFileLogger.h; sourceTree = "<group>"; };
		2B08309315C44D2C00A5ADA9 /* DDFileLogger.m */ = {isa = PBXFileReference; lastKnownFileType = sourcecode.c.objc; path = DDFileLogger.m; sourceTree = "<group>"; };
		2B08309415C44D2C00A5ADA9 /* DDLog.h */ = {isa = PBXFileReference; lastKnownFileType = sourcecode.c.h; path = DDLog.h; sourceTree = "<group>"; };
		2B08309515C44D2C00A5ADA9 /* DDLog.m */ = {isa = PBXFileReference; lastKnownFileType = sourcecode.c.objc; path = DDLog.m; sourceTree = "<group>"; };
		2B08309615C44D2C00A5ADA9 /* DDTTYLogger.h */ = {isa = PBXFileReference; lastKnownFileType = sourcecode.c.h; path = DDTTYLogger.h; sourceTree = "<group>"; };
		2B08309715C44D2C00A5ADA9 /* DDTTYLogger.m */ = {isa = PBXFileReference; lastKnownFileType = sourcecode.c.objc; path = DDTTYLogger.m; sourceTree = "<group>"; };
		2B1B770E16096697002A3A50 /* FMSolver.h */ = {isa = PBXFileReference; lastKnownFileType = sourcecode.c.h; path = FMSolver.h; sourceTree = "<group>"; };
		2B1B7711160966BF002A3A50 /* FMSolver.c */ = {isa = PBXFileReference; fileEncoding = 4; lastKnownFileType = sourcecode.c.c; path = FMSolver.c; sourceTree = "<group>"; };
		2B1B7719160AA3F5002A3A50 /* solver.c */ = {isa = PBXFileReference; fileEncoding = 4; lastKnownFileType = sourcecode.c.c; name = solver.c; path = ../solver.c; sourceTree = "<group>"; };
		2B1B773F160E378C002A3A50 /* FMReplay.h */ = {isa = PBXFileReference; lastKnownFileType = sourcecode.c.h; path = FMReplay.h; sourceTree = "<group>"; };
		2B1B7740160E3796002A3A50 /* FMReplay.c */ = {isa = PBXFileReference; fileEncoding = 4; lastKnownFileType = sourcecode.c.c; path = FMReplay.c; sourceTree = "<group>"; };
		2B37E76915BFC25B00D21E55 /* fumi.app */ = {isa = PBXFileReference; explicitFileType = wrapper.application; includeInIndex = 0; path = fumi.app; sourceTree = BUILT_PRODUCTS_DIR; };
		2B37E76D15BFC25B00D21E55 /* UIKit.framework */ = {isa = PBXFileReference; lastKnownFileType = wrapper.framework; name = UIKit.framework; path = System/Library/Frameworks/UIKit.framework; sourceTree = SDKROOT; };
		2B37E76F15BFC25B00D21E55 /* Foundation.framework */ = {isa = PBXFileReference; lastKnownFileType = wrapper.framework; name = Foundation.framework; path = System/Library/Frameworks/Foundation.framework; sourceTree = SDKROOT; };
		2B37E77115BFC25B00D21E55 /* CoreGraphics.framework */ = {isa = PBXFileReference; lastKnownFileType = wrapper.framework; name = CoreGraphics.framework; path = System/Library/Frameworks/CoreGraphics.framework; sourceTree = SDKROOT; };
		2B37E77515BFC25B00D21E55 /* fumi-Info.plist */ = {isa = PBXFileReference; lastKnownFileType = text.plist.xml; path = "fumi-Info.plist"; sourceTree = "<group>"; };
		2B37E77715BFC25B00D21E55 /* en */ = {isa = PBXFileReference; lastKnownFileType = text.plist.strings; name = en; path = en.lproj/InfoPlist.strings; sourceTree = "<group>"; };
		2B37E77915BFC25C00D21E55 /* main.m */ = {isa = PBXFileReference; lastKnownFileType = sourcecode.c.objc; path = main.m; sourceTree = "<group>"; };
		2B37E77B15BFC25C00D21E55 /* fumi-Prefix.pch */ = {isa = PBXFileReference; lastKnownFileType = sourcecode.c.h; path = "fumi-Prefix.pch"; sourceTree = "<group>"; };
		2B37E77C15BFC25C00D21E55 /* FMAppDelegate.h */ = {isa = PBXFileReference; lastKnownFileType = sourcecode.c.h; path = FMAppDelegate.h; sourceTree = "<group>"; };
		2B37E77D15BFC25C00D21E55 /* FMAppDelegate.m */ = {isa = PBXFileReference; lastKnownFileType = sourcecode.c.objc; path = FMAppDelegate.m; sourceTree = "<group>"; };
/* End PBXFileReference section */

/* Begin PBXFrameworksBuildPhase section */
		2B37E76615BFC25B00D21E55 /* Frameworks */ = {
			isa = PBXFrameworksBuildPhase;
			buildActionMask = 2147483647;
			files = (
				2B066F9215E9371E00AF1122 /* QuartzCore.framework in Frameworks */,
				2B066F9015E9370700AF1122 /* OpenGLES.framework in Frameworks */,
				2B37E76E15BFC25B00D21E55 /* UIKit.framework in Frameworks */,
				2B37E77015BFC25B00D21E55 /* Foundation.framework in Frameworks */,
				2B37E77215BFC25B00D21E55 /* CoreGraphics.framework in Frameworks */,
			);
			runOnlyForDeploymentPostprocessing = 0;
		};
/* End PBXFrameworksBuildPhase section */

/* Begin PBXGroup section */
		2B066FC915EA760700AF1122 /* Canvas */ = {
			isa = PBXGroup;
			children = (
				2B066FCC15EA953300AF1122 /* FMCanvasView.h */,
				2B066FCD15EA953300AF1122 /* FMCanvasView.m */,
				2B06323815FCD3A30012B73A /* FMCanvas.h */,
				2B06323915FCD3A30012B73A /* FMCanvas.m */,
			);
			name = Canvas;
			sourceTree = "<group>";
		};
		2B066FCA15EA762100AF1122 /* Categories */ = {
			isa = PBXGroup;
			children = (
				2B066FA015E9B2F700AF1122 /* UIView+Fumi.h */,
				2B066FA115E9B2F700AF1122 /* UIView+Fumi.m */,
				2B082CFC15C10C4E00A5ADA9 /* UIColor+Fumi.h */,
				2B082CFD15C10C4E00A5ADA9 /* UIColor+Fumi.m */,
				2B06324015FFB4410012B73A /* UIGestureRecognizer+Fumi.h */,
				2B06324115FFB4410012B73A /* UIGestureRecognizer+Fumi.m */,
			);
			name = Categories;
			sourceTree = "<group>";
		};
		2B066FCB15EA763900AF1122 /* Foundation */ = {
			isa = PBXGroup;
			children = (
				2B066F8715E9330500AF1122 /* EAGLView.h */,
				2B066F8815E9330500AF1122 /* EAGLView.m */,
				2B082D0C15C2593F00A5ADA9 /* FMGeometry.h */,
				2B082D0D15C2593F00A5ADA9 /* FMGeometry.m */,
			);
			name = Foundation;
			sourceTree = "<group>";
		};
		2B08309915C44D3700A5ADA9 /* DDLog */ = {
			isa = PBXGroup;
			children = (
				2B08309415C44D2C00A5ADA9 /* DDLog.h */,
				2B08309515C44D2C00A5ADA9 /* DDLog.m */,
				2B08309015C44D2C00A5ADA9 /* DDASLLogger.h */,
				2B08309115C44D2C00A5ADA9 /* DDASLLogger.m */,
				2B08309215C44D2C00A5ADA9 /* DDFileLogger.h */,
				2B08309315C44D2C00A5ADA9 /* DDFileLogger.m */,
				2B08309615C44D2C00A5ADA9 /* DDTTYLogger.h */,
				2B08309715C44D2C00A5ADA9 /* DDTTYLogger.m */,
			);
			name = DDLog;
			sourceTree = "<group>";
		};
		2B08309A15C44D4600A5ADA9 /* Third Parties */ = {
			isa = PBXGroup;
			children = (
				2B08309915C44D3700A5ADA9 /* DDLog */,
			);
			name = "Third Parties";
			sourceTree = "<group>";
		};
		2B1B7710160966A5002A3A50 /* Physics */ = {
			isa = PBXGroup;
			children = (
				2B1B770E16096697002A3A50 /* FMSolver.h */,
				2B1B7711160966BF002A3A50 /* FMSolver.c */,
				2B1B773F160E378C002A3A50 /* FMReplay.h */,
				2B1B7740160E3796002A3A50 /* FMReplay.c */,
			);
			name = Physics;
			sourceTree = "<group>";
		};
		2B37E75E15BFC25B00D21E55 = {
			isa = PBXGroup;
			children = (
				2B37E77315BFC25B00D21E55 /* fumi */,
				2B37E76C15BFC25B00D21E55 /* Frameworks */,
				2B37E76A15BFC25B00D21E55 /* Products */,
			);
			sourceTree = "<group>";
		};
		2B37E76A15BFC25B00D21E55 /* Products */ = {
			isa = PBXGroup;
			children = (
				2B37E76915BFC25B00D21E55 /* fumi.app */,
			);
			name = Products;
			sourceTree = "<group>";
		};
		2B37E76C15BFC25B00D21E55 /* Frameworks */ = {
			isa = PBXGroup;
			children = (
				2B066F9115E9371E00AF1122 /* QuartzCore.framework */,
				2B066F8F15E9370700AF1122 /* OpenGLES.framework */,
				2B37E76D15BFC25B00D21E55 /* UIKit.framework */,
				2B37E76F15BFC25B00D21E55 /* Foundation.framework */,
				2B37E77115BFC25B00D21E55 /* CoreGraphics.framework */,
			);
			name = Frameworks;
			sourceTree = "<group>";
		};
		2B37E77315BFC25B00D21E55 /* fumi */ = {
			isa = PBXGroup;
			children = (
				2B37E77C15BFC25C00D21E55 /* FMAppDelegate.h */,
				2B37E77D15BFC25C00D21E55 /* FMAppDelegate.m */,
				2B082CF915C1094600A5ADA9 /* FMMainViewController.h */,
				2B082CFA15C1094600A5ADA9 /* FMMainViewController.m */,
				2B066FCB15EA763900AF1122 /* Foundation */,
				2B1B7710160966A5002A3A50 /* Physics */,
				2B066FC915EA760700AF1122 /* Canvas */,
				2B066FCA15EA762100AF1122 /* Categories */,
				2B082D0915C2540F00A5ADA9 /* FMSettings.h */,
				2B06323B15FE218E0012B73A /* FMMacro.h */,
				2B08309A15C44D4600A5ADA9 /* Third Parties */,
				2B37E77415BFC25B00D21E55 /* Supporting Files */,
			);
			path = fumi;
			sourceTree = "<group>";
		};
		2B37E77415BFC25B00D21E55 /* Supporting Files */ = {
			isa = PBXGroup;
			children = (
				2B37E77515BFC25B00D21E55 /* fumi-Info.plist */,
				2B37E77615BFC25B00D21E55 /* InfoPlist.strings */,
				2B37E77915BFC25C00D21E55 /* main.m */,
				2B1B7719160AA3F5002A3A50 /* solver.c */,
				2B37E77B15BFC25C00D21E55 /* fumi-Prefix.pch */,
			);
			name = "Supporting Files";
			sourceTree = "<group>";
		};
/* End PBXGroup section */

/* Begin PBXNativeTarget section */
		2B37E76815BFC25B00D21E55 /* fumi */ = {
			isa = PBXNativeTarget;
			buildConfigurationList = 2B37E78115BFC25C00D21E55 /* Build configuration list for PBXNativeTarget "fumi" */;
			buildPhases = (
				2B37E76515BFC25B00D21E55 /* Sources */,
				2B37E76615BFC25B00D21E55 /* Frameworks */,
				2B37E76715BFC25B00D21E55 /* Resources */,
			);
			buildRules = (
			);
			dependencies = (
			);
			name = fumi;
			productName = fumi;
			productReference = 2B37E76915BFC25B00D21E55 /* fumi.app */;
			productType = "com.apple.product-type.application";
		};
/* End PBXNativeTarget section */

/* Begin PBXProject section */
		2B37E76015BFC25B00D21E55 /* Project object */ = {
			isa = PBXProject;
			attributes = {
				CLASSPREFIX = FM;
				LastUpgradeCheck = 0450;
				ORGANIZATIONNAME = fumi;
			};
			buildConfigurationList = 2B37E76315BFC25B00D21E55 /* Build configuration list for PBXProject "fumi" */;
			compatibilityVersion = "Xcode 3.2";
			developmentRegion = English;
			hasScannedForEncodings = 0;
			knownRegions = (
				en,
			);
			mainGroup = 2B37E75E15BFC25B00D21E55;
			productRefGroup = 2B37E76A15BFC25B00D21E55 /* Products */;
			projectDirPath = "";
			projectRoot = "";
			targets = (
				2B37E76815BFC25B00D21E55 /* fumi */,
			);
		};
/* End PBXProject section */

/* Begin PBXResourcesBuildPhase section */
		2B37E76715BFC25B00D21E55 /* Resources */ = {
			isa = PBXResourcesBuildPhase;
			buildActionMask = 2147483647;
			files = (
				2B37E77815BFC25B00D21E55 /* InfoPlist.strings in Resources */,
			);
			runOnlyForDeploymentPostprocessing = 0;
		};
/* End PBXResourcesBuildPhase section */

/* Begin PBXSourcesBuildPhase section */
		2B37E76515BFC25B00D21E55 /* Sources */ = {
			isa = PBXSourcesBuildPhase;
			buildActionMask = 2147483647;
			files = (
				2B37E77A15BFC25C00D21E55 /* main.m in Sources */,
				2B37E77E15BFC25C00D21E55 /* FMAppDelegate.m in Sources */,
				2B082CFB15C1094600A5ADA9 /* FMMainViewController.m in Sources */,
				2B082CFE15C10C4E00A5ADA9 /* UIColor+Fumi.m in Sources */,
				2B082D0E15C2593F00A5ADA9 /* FMGeometry.m in Sources */,
				2B08309B15C44F9A00A5ADA9 /* DDLog.m in Sources */,
				2B08309C15C44F9D00A5ADA9 /* DDASLLogger.m in Sources */,
				2B08309D15C44FA000A5ADA9 /* DDFileLogger.m in Sources */,
				2B08309E15C44FA400A5ADA9 /* DDTTYLogger.m in Sources */,
				2B066F8915E9330500AF1122 /* EAGLView.m in Sources */,
				2B066FA215E9B2F700AF1122 /* UIView+Fumi.m in Sources */,
				2B066FCE15EA953300AF1122 /* FMCanvasView.m in Sources */,
				2B06323A15FCD3A30012B73A /* FMCanvas.m in Sources */,
				2B06324215FFB4410012B73A /* UIGestureRecognizer+Fumi.m in Sources */,
				2B1B7712160966BF002A3A50 /* FMSolver.c in Sources */,
				2B1B7741160E3796002A3A50 /* FMReplay.c in Sources */,
			);
			runOnlyForDeploymentPostprocessing = 0;
		};
/* End PBXSourcesBuildPhase section */

/* Begin PBXVariantGroup section */
		2B37E77615BFC25B00D21E55 /* InfoPlist.strings */ = {
			isa = PBXVariantGroup;
			children = (
				2B37E77715BFC25B00D21E55 /* en */,
			);
			name = InfoPlist.strings;
			sourceTree = "<group>";
		};
/* End PBXVariantGroup section */

/* Begin XCBuildConfiguration section */
		2B37E77F15BFC25C00D21E55 /* Debug */ = {
			isa = XCBuildConfiguration;
			buildSettings = {
				ALWAYS_SEARCH_USER_PATHS = NO;
				CLANG_CXX_LANGUAGE_STANDARD = "gnu++0x";
				CLANG_CXX_LIBRARY = "libc++";
				CLANG_WARN__DUPLICATE_METHOD_MATCH = YES;
				"CODE_SIGN_IDENTITY[sdk=iphoneos*]" = "iPhone Developer";
				COPY_PHASE_STRIP = NO;
				GCC_C_LANGUAGE_STANDARD = gnu99;
				GCC_DYNAMIC_NO_PIC = NO;
				GCC_OPTIMIZATION_LEVEL = 0;
				GCC_PREPROCESSOR_DEFINITIONS = (
					"DEBUG=1",
					"$(inherited)",
				);
				GCC_SYMBOLS_PRIVATE_EXTERN = NO;
				GCC_WARN_ABOUT_RETURN_TYPE = YES;
				GCC_WARN_UNINITIALIZED_AUTOS = YES;
				GCC_WARN_UNUSED_VARIABLE = YES;
				IPHONEOS_DEPLOYMENT_TARGET = 6.0;
				SDKROOT = iphoneos;
				TARGETED_DEVICE_FAMILY = 2;
			};
			name = Debug;
		};
		2B37E78015BFC25C00D21E55 /* Release */ = {
			isa = XCBuildConfiguration;
			buildSettings = {
				ALWAYS_SEARCH_USER_PATHS = NO;
				CLANG_CXX_LANGUAGE_STANDARD = "gnu++0x";
				CLANG_CXX_LIBRARY = "libc++";
				CLANG_WARN__DUPLICATE_METHOD_MATCH = YES;
				"CODE_SIGN_IDENTITY[sdk=iphoneos*]" = "iPhone Developer";
				COPY_PHASE_STRIP = YES;
				GCC_C_LANGUAGE_STANDARD = gnu99;
				GCC_WARN_ABOUT_RETURN_TYPE = YES;
				GCC_WARN_UNINITIALIZED_AUTOS = YES;
				GCC_WARN_UNUSED_VARIABLE = YES;
				IPHONEOS_DEPLOYMENT_TARGET = 6.0;
				OTHER_CFLAGS = "-DNS_BLOCK_ASSERTIONS=1";
				SDKROOT = iphoneos;
				TARGETED_DEVICE_FAMILY = 2;
				VALIDATE_PRODUCT = YES;
			};
			name = Release;
		};
		2B37E78215BFC25C00D21E55 /* Debug */ = {
			isa = XCBuildConfiguration;
			buildSettings = {
				GCC_PRECOMPILE_PREFIX_HEADER = YES;
				GCC_PREFIX_HEADER = "fumi/fumi-Prefix.pch";
				INFOPLIST_FILE = "fumi/fumi-Info.plist";
				PRODUCT_NAME = "$(TARGET_NAME)";
				WRAPPER_EXTENSION = app;
			};
			name = Debug;
		};
		2B37E78315BFC25C00D21E55 /* Release */ = {
			isa = XCBuildConfiguration;
			buildSettings = {
				GCC_PRECOMPILE_PREFIX_HEADER = YES;
				GCC_PREFIX_HEADER = "fumi/fumi-Prefix.pch";
				INFOPLIST_FILE = "fumi/fumi-Info.plist";
				PRODUCT_NAME = "$(TARGET_NAME)";
				WRAPPER_EXTENSION = app;
			};
			name = Release;
		};
/* End XCBuildConfiguration section */

/* Begin XCConfigurationList section */
		2B37E76315BFC25B00D21E55 /* Build configuration list for PBXProject "fumi" */ = {
			isa = XCConfigurationList;
			buildConfigurations = (
				2B37E77F15BFC25C00D21E55 /* Debug */,
				2B37E78015BFC25C00D21E55 /* Release */,
			);
			defaultConfigurationIsVisible = 0;
			defaultConfigurationName = Release;
		};
		2B37E78115BFC25C00D21E55 /* Build configuration list for PBXNativeTarget "fumi" */ = {
			isa = XCConfigurationList;
			buildConfigurations = (
				2B37E78215BFC25C00D21E55 /* Debug */,
				2B37E78315BFC25C00D21E55 /* Release */,
			);
			defaultConfigurationIsVisible = 0;
			defaultConfigurationName = Release;
		};
/* End XCConfigurationList section */
	};
	rootObject = 2B37E76015BFC25B00D21E55 /* Project object */;
}
